
Microsoft Visual Studio Solution File, Format Version 12.00
# Visual Studio 2015
Project("{FAE04EC0-301F-11D3-BF4B-00C04F79EFBC}") = "Roll-a-Ball-Game-master", "Roll-a-Ball-Game-master.csproj", "{9F4BED0D-6BFD-D039-871B-F4A04B19A7D1}"
EndProject
Global
	GlobalSection(SolutionConfigurationPlatforms) = preSolution
		Debug|Any CPU = Debug|Any CPU
		Release|Any CPU = Release|Any CPU
	EndGlobalSection
	GlobalSection(ProjectConfigurationPlatforms) = postSolution
		{9F4BED0D-6BFD-D039-871B-F4A04B19A7D1}.Debug|Any CPU.ActiveCfg = Debug|Any CPU
		{9F4BED0D-6BFD-D039-871B-F4A04B19A7D1}.Debug|Any CPU.Build.0 = Debug|Any CPU
		{9F4BED0D-6BFD-D039-871B-F4A04B19A7D1}.Release|Any CPU.ActiveCfg = Release|Any CPU
		{9F4BED0D-6BFD-D039-871B-F4A04B19A7D1}.Release|Any CPU.Build.0 = Release|Any CPU
	EndGlobalSection
	GlobalSection(SolutionProperties) = preSolution
		HideSolutionNode = FALSE
	EndGlobalSection
EndGlobal
